
Microsoft Visual Studio Solution File, Format Version 12.00
# Visual Studio Version 17
VisualStudioVersion = 17.4.33213.308
MinimumVisualStudioVersion = 10.0.40219.1
Project("{9A19103F-16F7-4668-BE54-9A1E7A4F7556}") = "SendingEmail", "SendingEmail.csproj", "{DEE9B4E0-FF8A-4B4A-BA31-B2FC950C90EF}"
EndProject
Global
	GlobalSection(SolutionConfigurationPlatforms) = preSolution
		Debug|Any CPU = Debug|Any CPU
		Release|Any CPU = Release|Any CPU
	EndGlobalSection
	GlobalSection(ProjectConfigurationPlatforms) = postSolution
		{DEE9B4E0-FF8A-4B4A-BA31-B2FC950C90EF}.Debug|Any CPU.ActiveCfg = Debug|Any CPU
		{DEE9B4E0-FF8A-4B4A-BA31-B2FC950C90EF}.Debug|Any CPU.Build.0 = Debug|Any CPU
		{DEE9B4E0-FF8A-4B4A-BA31-B2FC950C90EF}.Release|Any CPU.ActiveCfg = Release|Any CPU
		{DEE9B4E0-FF8A-4B4A-BA31-B2FC950C90EF}.Release|Any CPU.Build.0 = Release|Any CPU
	EndGlobalSection
	GlobalSection(SolutionProperties) = preSolution
		HideSolutionNode = FALSE
	EndGlobalSection
	GlobalSection(ExtensibilityGlobals) = postSolution
		SolutionGuid = {270E885F-A4BA-4B0E-BB9D-E00E8DC593F3}
	EndGlobalSection
EndGlobal
